// !$*UTF8*$!
{
	archiveVersion = 1;
	classes = {
	};
	objectVersion = 48;
	objects = {

/* Begin PBXBuildFile section */
		2C9BACAA20053527005282A3 /* Constants.swift in Sources */ = {isa = PBXBuildFile; fileRef = 2C9BACA920053527005282A3 /* Constants.swift */; };
		2CDCAB2520042CF1007EA0FC /* AppDelegate.swift in Sources */ = {isa = PBXBuildFile; fileRef = 2CDCAB2420042CF1007EA0FC /* AppDelegate.swift */; };
		2CDCAB2720042CF1007EA0FC /* ViewController.swift in Sources */ = {isa = PBXBuildFile; fileRef = 2CDCAB2620042CF1007EA0FC /* ViewController.swift */; };
		2CDCAB2A20042CF1007EA0FC /* Main.storyboard in Resources */ = {isa = PBXBuildFile; fileRef = 2CDCAB2820042CF1007EA0FC /* Main.storyboard */; };
		2CDCAB2C20042CF1007EA0FC /* Assets.xcassets in Resources */ = {isa = PBXBuildFile; fileRef = 2CDCAB2B20042CF1007EA0FC /* Assets.xcassets */; };
		2CDCAB2F20042CF1007EA0FC /* LaunchScreen.storyboard in Resources */ = {isa = PBXBuildFile; fileRef = 2CDCAB2D20042CF1007EA0FC /* LaunchScreen.storyboard */; };
		2CDCAB3A20042CF1007EA0FC /* CurrencyTests.swift in Sources */ = {isa = PBXBuildFile; fileRef = 2CDCAB3920042CF1007EA0FC /* CurrencyTests.swift */; };
		2CDCAB4620042D39007EA0FC /* ApiService.swift in Sources */ = {isa = PBXBuildFile; fileRef = 2CDCAB4520042D39007EA0FC /* ApiService.swift */; };
		2CDCAB4920042D77007EA0FC /* Currency.swift in Sources */ = {isa = PBXBuildFile; fileRef = 2CDCAB4820042D77007EA0FC /* Currency.swift */; };
/* End PBXBuildFile section */

/* Begin PBXContainerItemProxy section */
		2CDCAB3620042CF1007EA0FC /* PBXContainerItemProxy */ = {
			isa = PBXContainerItemProxy;
			containerPortal = 2CDCAB1920042CF1007EA0FC /* Project object */;
			proxyType = 1;
			remoteGlobalIDString = 2CDCAB2020042CF1007EA0FC;
			remoteInfo = Currency;
		};
/* End PBXContainerItemProxy section */

/* Begin PBXFileReference section */
		2C9BACA920053527005282A3 /* Constants.swift */ = {isa = PBXFileReference; lastKnownFileType = sourcecode.swift; path = Constants.swift; sourceTree = "<group>"; };
		2CDCAB2120042CF1007EA0FC /* Currency.app */ = {isa = PBXFileReference; explicitFileType = wrapper.application; includeInIndex = 0; path = Currency.app; sourceTree = BUILT_PRODUCTS_DIR; };
		2CDCAB2420042CF1007EA0FC /* AppDelegate.swift */ = {isa = PBXFileReference; lastKnownFileType = sourcecode.swift; path = AppDelegate.swift; sourceTree = "<group>"; };
		2CDCAB2620042CF1007EA0FC /* ViewController.swift */ = {isa = PBXFileReference; lastKnownFileType = sourcecode.swift; path = ViewController.swift; sourceTree = "<group>"; };
		2CDCAB2920042CF1007EA0FC /* Base */ = {isa = PBXFileReference; lastKnownFileType = file.storyboard; name = Base; path = Base.lproj/Main.storyboard; sourceTree = "<group>"; };
		2CDCAB2B20042CF1007EA0FC /* Assets.xcassets */ = {isa = PBXFileReference; lastKnownFileType = folder.assetcatalog; path = Assets.xcassets; sourceTree = "<group>"; };
		2CDCAB2E20042CF1007EA0FC /* Base */ = {isa = PBXFileReference; lastKnownFileType = file.storyboard; name = Base; path = Base.lproj/LaunchScreen.storyboard; sourceTree = "<group>"; };
		2CDCAB3020042CF1007EA0FC /* Info.plist */ = {isa = PBXFileReference; lastKnownFileType = text.plist.xml; path = Info.plist; sourceTree = "<group>"; };
		2CDCAB3520042CF1007EA0FC /* CurrencyTests.xctest */ = {isa = PBXFileReference; explicitFileType = wrapper.cfbundle; includeInIndex = 0; path = CurrencyTests.xctest; sourceTree = BUILT_PRODUCTS_DIR; };
		2CDCAB3920042CF1007EA0FC /* CurrencyTests.swift */ = {isa = PBXFileReference; lastKnownFileType = sourcecode.swift; path = CurrencyTests.swift; sourceTree = "<group>"; };
		2CDCAB3B20042CF1007EA0FC /* Info.plist */ = {isa = PBXFileReference; lastKnownFileType = text.plist.xml; path = Info.plist; sourceTree = "<group>"; };
		2CDCAB4520042D39007EA0FC /* ApiService.swift */ = {isa = PBXFileReference; lastKnownFileType = sourcecode.swift; path = ApiService.swift; sourceTree = "<group>"; };
		2CDCAB4820042D77007EA0FC /* Currency.swift */ = {isa = PBXFileReference; lastKnownFileType = sourcecode.swift; path = Currency.swift; sourceTree = "<group>"; };
/* End PBXFileReference section */

/* Begin PBXFrameworksBuildPhase section */
		2CDCAB1E20042CF1007EA0FC /* Frameworks */ = {
			isa = PBXFrameworksBuildPhase;
			buildActionMask = 2147483647;
			files = (
			);
			runOnlyForDeploymentPostprocessing = 0;
		};
		2CDCAB3220042CF1007EA0FC /* Frameworks */ = {
			isa = PBXFrameworksBuildPhase;
			buildActionMask = 2147483647;
			files = (
			);
			runOnlyForDeploymentPostprocessing = 0;
		};
/* End PBXFrameworksBuildPhase section */

/* Begin PBXGroup section */
		2C9BACA820053516005282A3 /* Helpers */ = {
			isa = PBXGroup;
			children = (
				2C9BACA920053527005282A3 /* Constants.swift */,
			);
			path = Helpers;
			sourceTree = "<group>";
		};
		2CDCAB1820042CF1007EA0FC = {
			isa = PBXGroup;
			children = (
				2CDCAB2320042CF1007EA0FC /* Currency */,
				2CDCAB3820042CF1007EA0FC /* CurrencyTests */,
				2CDCAB2220042CF1007EA0FC /* Products */,
			);
			sourceTree = "<group>";
		};
		2CDCAB2220042CF1007EA0FC /* Products */ = {
			isa = PBXGroup;
			children = (
				2CDCAB2120042CF1007EA0FC /* Currency.app */,
				2CDCAB3520042CF1007EA0FC /* CurrencyTests.xctest */,
			);
			name = Products;
			sourceTree = "<group>";
		};
		2CDCAB2320042CF1007EA0FC /* Currency */ = {
			isa = PBXGroup;
			children = (
				2CDCAB2420042CF1007EA0FC /* AppDelegate.swift */,
				2CDCAB2620042CF1007EA0FC /* ViewController.swift */,
				2C9BACA820053516005282A3 /* Helpers */,
				2CDCAB4720042D5C007EA0FC /* Model */,
				2CDCAB4420042D25007EA0FC /* ApiService */,
				2CDCAB2820042CF1007EA0FC /* Main.storyboard */,
				2CDCAB2B20042CF1007EA0FC /* Assets.xcassets */,
				2CDCAB2D20042CF1007EA0FC /* LaunchScreen.storyboard */,
				2CDCAB3020042CF1007EA0FC /* Info.plist */,
			);
			path = Currency;
			sourceTree = "<group>";
		};
		2CDCAB3820042CF1007EA0FC /* CurrencyTests */ = {
			isa = PBXGroup;
			children = (
				2CDCAB3920042CF1007EA0FC /* CurrencyTests.swift */,
				2CDCAB3B20042CF1007EA0FC /* Info.plist */,
			);
			path = CurrencyTests;
			sourceTree = "<group>";
		};
		2CDCAB4420042D25007EA0FC /* ApiService */ = {
			isa = PBXGroup;
			children = (
				2CDCAB4520042D39007EA0FC /* ApiService.swift */,
			);
			path = ApiService;
			sourceTree = "<group>";
		};
		2CDCAB4720042D5C007EA0FC /* Model */ = {
			isa = PBXGroup;
			children = (
				2CDCAB4820042D77007EA0FC /* Currency.swift */,
			);
			path = Model;
			sourceTree = "<group>";
		};
/* End PBXGroup section */

/* Begin PBXNativeTarget section */
		2CDCAB2020042CF1007EA0FC /* Currency */ = {
			isa = PBXNativeTarget;
			buildConfigurationList = 2CDCAB3E20042CF1007EA0FC /* Build configuration list for PBXNativeTarget "Currency" */;
			buildPhases = (
				2CDCAB1D20042CF1007EA0FC /* Sources */,
				2CDCAB1E20042CF1007EA0FC /* Frameworks */,
				2CDCAB1F20042CF1007EA0FC /* Resources */,
			);
			buildRules = (
			);
			dependencies = (
			);
			name = Currency;
			productName = Currency;
			productReference = 2CDCAB2120042CF1007EA0FC /* Currency.app */;
			productType = "com.apple.product-type.application";
		};
		2CDCAB3420042CF1007EA0FC /* CurrencyTests */ = {
			isa = PBXNativeTarget;
			buildConfigurationList = 2CDCAB4120042CF1007EA0FC /* Build configuration list for PBXNativeTarget "CurrencyTests" */;
			buildPhases = (
				2CDCAB3120042CF1007EA0FC /* Sources */,
				2CDCAB3220042CF1007EA0FC /* Frameworks */,
				2CDCAB3320042CF1007EA0FC /* Resources */,
			);
			buildRules = (
			);
			dependencies = (
				2CDCAB3720042CF1007EA0FC /* PBXTargetDependency */,
			);
			name = CurrencyTests;
			productName = CurrencyTests;
			productReference = 2CDCAB3520042CF1007EA0FC /* CurrencyTests.xctest */;
			productType = "com.apple.product-type.bundle.unit-test";
		};
/* End PBXNativeTarget section */

/* Begin PBXProject section */
		2CDCAB1920042CF1007EA0FC /* Project object */ = {
			isa = PBXProject;
			attributes = {
				LastSwiftUpdateCheck = 0920;
				LastUpgradeCheck = 0920;
				ORGANIZATIONNAME = "Dante Solorio";
				TargetAttributes = {
					2CDCAB2020042CF1007EA0FC = {
						CreatedOnToolsVersion = 9.2;
						ProvisioningStyle = Automatic;
					};
					2CDCAB3420042CF1007EA0FC = {
						CreatedOnToolsVersion = 9.2;
						ProvisioningStyle = Automatic;
						TestTargetID = 2CDCAB2020042CF1007EA0FC;
					};
				};
			};
			buildConfigurationList = 2CDCAB1C20042CF1007EA0FC /* Build configuration list for PBXProject "Currency" */;
			compatibilityVersion = "Xcode 8.0";
			developmentRegion = en;
			hasScannedForEncodings = 0;
			knownRegions = (
				en,
				Base,
			);
			mainGroup = 2CDCAB1820042CF1007EA0FC;
			productRefGroup = 2CDCAB2220042CF1007EA0FC /* Products */;
			projectDirPath = "";
			projectRoot = "";
			targets = (
				2CDCAB2020042CF1007EA0FC /* Currency */,
				2CDCAB3420042CF1007EA0FC /* CurrencyTests */,
			);
		};
/* End PBXProject section */

/* Begin PBXResourcesBuildPhase section */
		2CDCAB1F20042CF1007EA0FC /* Resources */ = {
			isa = PBXResourcesBuildPhase;
			buildActionMask = 2147483647;
			files = (
				2CDCAB2F20042CF1007EA0FC /* LaunchScreen.storyboard in Resources */,
				2CDCAB2C20042CF1007EA0FC /* Assets.xcassets in Resources */,
				2CDCAB2A20042CF1007EA0FC /* Main.storyboard in Resources */,
			);
			runOnlyForDeploymentPostprocessing = 0;
		};
		2CDCAB3320042CF1007EA0FC /* Resources */ = {
			isa = PBXResourcesBuildPhase;
			buildActionMask = 2147483647;
			files = (
			);
			runOnlyForDeploymentPostprocessing = 0;
		};
/* End PBXResourcesBuildPhase section */

/* Begin PBXSourcesBuildPhase section */
		2CDCAB1D20042CF1007EA0FC /* Sources */ = {
			isa = PBXSourcesBuildPhase;
			buildActionMask = 2147483647;
			files = (
				2C9BACAA20053527005282A3 /* Constants.swift in Sources */,
				2CDCAB4920042D77007EA0FC /* Currency.swift in Sources */,
				2CDCAB2720042CF1007EA0FC /* ViewController.swift in Sources */,
				2CDCAB2520042CF1007EA0FC /* AppDelegate.swift in Sources */,
				2CDCAB4620042D39007EA0FC /* ApiService.swift in Sources */,
			);
			runOnlyForDeploymentPostprocessing = 0;
		};
		2CDCAB3120042CF1007EA0FC /* Sources */ = {
			isa = PBXSourcesBuildPhase;
			buildActionMask = 2147483647;
			files = (
				2CDCAB3A20042CF1007EA0FC /* CurrencyTests.swift in Sources */,
			);
			runOnlyForDeploymentPostprocessing = 0;
		};
/* End PBXSourcesBuildPhase section */

/* Begin PBXTargetDependency section */
		2CDCAB3720042CF1007EA0FC /* PBXTargetDependency */ = {
			isa = PBXTargetDependency;
			target = 2CDCAB2020042CF1007EA0FC /* Currency */;
			targetProxy = 2CDCAB3620042CF1007EA0FC /* PBXContainerItemProxy */;
		};
/* End PBXTargetDependency section */

/* Begin PBXVariantGroup section */
		2CDCAB2820042CF1007EA0FC /* Main.storyboard */ = {
			isa = PBXVariantGroup;
			children = (
				2CDCAB2920042CF1007EA0FC /* Base */,
			);
			name = Main.storyboard;
			sourceTree = "<group>";
		};
		2CDCAB2D20042CF1007EA0FC /* LaunchScreen.storyboard */ = {
			isa = PBXVariantGroup;
			children = (
				2CDCAB2E20042CF1007EA0FC /* Base */,
			);
			name = LaunchScreen.storyboard;
			sourceTree = "<group>";
		};
/* End PBXVariantGroup section */

/* Begin XCBuildConfiguration section */
		2CDCAB3C20042CF1007EA0FC /* Debug */ = {
			isa = XCBuildConfiguration;
			buildSettings = {
				ALWAYS_SEARCH_USER_PATHS = NO;
				CLANG_ANALYZER_NONNULL = YES;
				CLANG_ANALYZER_NUMBER_OBJECT_CONVERSION = YES_AGGRESSIVE;
				CLANG_CXX_LANGUAGE_STANDARD = "gnu++14";
				CLANG_CXX_LIBRARY = "libc++";
				CLANG_ENABLE_MODULES = YES;
				CLANG_ENABLE_OBJC_ARC = YES;
				CLANG_WARN_BLOCK_CAPTURE_AUTORELEASING = YES;
				CLANG_WARN_BOOL_CONVERSION = YES;
				CLANG_WARN_COMMA = YES;
				CLANG_WARN_CONSTANT_CONVERSION = YES;
				CLANG_WARN_DIRECT_OBJC_ISA_USAGE = YES_ERROR;
				CLANG_WARN_DOCUMENTATION_COMMENTS = YES;
				CLANG_WARN_EMPTY_BODY = YES;
				CLANG_WARN_ENUM_CONVERSION = YES;
				CLANG_WARN_INFINITE_RECURSION = YES;
				CLANG_WARN_INT_CONVERSION = YES;
				CLANG_WARN_NON_LITERAL_NULL_CONVERSION = YES;
				CLANG_WARN_OBJC_LITERAL_CONVERSION = YES;
				CLANG_WARN_OBJC_ROOT_CLASS = YES_ERROR;
				CLANG_WARN_RANGE_LOOP_ANALYSIS = YES;
				CLANG_WARN_STRICT_PROTOTYPES = YES;
				CLANG_WARN_SUSPICIOUS_MOVE = YES;
				CLANG_WARN_UNGUARDED_AVAILABILITY = YES_AGGRESSIVE;
				CLANG_WARN_UNREACHABLE_CODE = YES;
				CLANG_WARN__DUPLICATE_METHOD_MATCH = YES;
				CODE_SIGN_IDENTITY = "iPhone Developer";
				COPY_PHASE_STRIP = NO;
				DEBUG_INFORMATION_FORMAT = dwarf;
				ENABLE_STRICT_OBJC_MSGSEND = YES;
				ENABLE_TESTABILITY = YES;
				GCC_C_LANGUAGE_STANDARD = gnu11;
				GCC_DYNAMIC_NO_PIC = NO;
				GCC_NO_COMMON_BLOCKS = YES;
				GCC_OPTIMIZATION_LEVEL = 0;
				GCC_PREPROCESSOR_DEFINITIONS = (
					"DEBUG=1",
					"$(inherited)",
				);
				GCC_WARN_64_TO_32_BIT_CONVERSION = YES;
				GCC_WARN_ABOUT_RETURN_TYPE = YES_ERROR;
				GCC_WARN_UNDECLARED_SELECTOR = YES;
				GCC_WARN_UNINITIALIZED_AUTOS = YES_AGGRESSIVE;
				GCC_WARN_UNUSED_FUNCTION = YES;
				GCC_WARN_UNUSED_VARIABLE = YES;
				IPHONEOS_DEPLOYMENT_TARGET = 11.2;
				MTL_ENABLE_DEBUG_INFO = YES;
				ONLY_ACTIVE_ARCH = YES;
				SDKROOT = iphoneos;
				SWIFT_ACTIVE_COMPILATION_CONDITIONS = DEBUG;
				SWIFT_OPTIMIZATION_LEVEL = "-Onone";
			};
			name = Debug;
		};
		2CDCAB3D20042CF1007EA0FC /* Release */ = {
			isa = XCBuildConfiguration;
			buildSettings = {
				ALWAYS_SEARCH_USER_PATHS = NO;
				CLANG_ANALYZER_NONNULL = YES;
				CLANG_ANALYZER_NUMBER_OBJECT_CONVERSION = YES_AGGRESSIVE;
				CLANG_CXX_LANGUAGE_STANDARD = "gnu++14";
				CLANG_CXX_LIBRARY = "libc++";
				CLANG_ENABLE_MODULES = YES;
				CLANG_ENABLE_OBJC_ARC = YES;
				CLANG_WARN_BLOCK_CAPTURE_AUTORELEASING = YES;
				CLANG_WARN_BOOL_CONVERSION = YES;
				CLANG_WARN_COMMA = YES;
				CLANG_WARN_CONSTANT_CONVERSION = YES;
				CLANG_WARN_DIRECT_OBJC_ISA_USAGE = YES_ERROR;
				CLANG_WARN_DOCUMENTATION_COMMENTS = YES;
				CLANG_WARN_EMPTY_BODY = YES;
				CLANG_WARN_ENUM_CONVERSION = YES;
				CLANG_WARN_INFINITE_RECURSION = YES;
				CLANG_WARN_INT_CONVERSION = YES;
				CLANG_WARN_NON_LITERAL_NULL_CONVERSION = YES;
				CLANG_WARN_OBJC_LITERAL_CONVERSION = YES;
				CLANG_WARN_OBJC_ROOT_CLASS = YES_ERROR;
				CLANG_WARN_RANGE_LOOP_ANALYSIS = YES;
				CLANG_WARN_STRICT_PROTOTYPES = YES;
				CLANG_WARN_SUSPICIOUS_MOVE = YES;
				CLANG_WARN_UNGUARDED_AVAILABILITY = YES_AGGRESSIVE;
				CLANG_WARN_UNREACHABLE_CODE = YES;
				CLANG_WARN__DUPLICATE_METHOD_MATCH = YES;
				CODE_SIGN_IDENTITY = "iPhone Developer";
				COPY_PHASE_STRIP = NO;
				DEBUG_INFORMATION_FORMAT = "dwarf-with-dsym";
				ENABLE_NS_ASSERTIONS = NO;
				ENABLE_STRICT_OBJC_MSGSEND = YES;
				GCC_C_LANGUAGE_STANDARD = gnu11;
				GCC_NO_COMMON_BLOCKS = YES;
				GCC_WARN_64_TO_32_BIT_CONVERSION = YES;
				GCC_WARN_ABOUT_RETURN_TYPE = YES_ERROR;
				GCC_WARN_UNDECLARED_SELECTOR = YES;
				GCC_WARN_UNINITIALIZED_AUTOS = YES_AGGRESSIVE;
				GCC_WARN_UNUSED_FUNCTION = YES;
				GCC_WARN_UNUSED_VARIABLE = YES;
				IPHONEOS_DEPLOYMENT_TARGET = 11.2;
				MTL_ENABLE_DEBUG_INFO = NO;
				SDKROOT = iphoneos;
				SWIFT_OPTIMIZATION_LEVEL = "-Owholemodule";
				VALIDATE_PRODUCT = YES;
			};
			name = Release;
		};
		2CDCAB3F20042CF1007EA0FC /* Debug */ = {
			isa = XCBuildConfiguration;
			buildSettings = {
				ASSETCATALOG_COMPILER_APPICON_NAME = AppIcon;
				CODE_SIGN_STYLE = Automatic;
				INFOPLIST_FILE = Currency/Info.plist;
				LD_RUNPATH_SEARCH_PATHS = "$(inherited) @executable_path/Frameworks";
				PRODUCT_BUNDLE_IDENTIFIER = io.dsolorio.Currency;
				PRODUCT_NAME = "$(TARGET_NAME)";
				SWIFT_VERSION = 4.0;
				TARGETED_DEVICE_FAMILY = "1,2";
			};
			name = Debug;
		};
		2CDCAB4020042CF1007EA0FC /* Release */ = {
			isa = XCBuildConfiguration;
			buildSettings = {
				ASSETCATALOG_COMPILER_APPICON_NAME = AppIcon;
				CODE_SIGN_STYLE = Automatic;
				INFOPLIST_FILE = Currency/Info.plist;
				LD_RUNPATH_SEARCH_PATHS = "$(inherited) @executable_path/Frameworks";
				PRODUCT_BUNDLE_IDENTIFIER = io.dsolorio.Currency;
				PRODUCT_NAME = "$(TARGET_NAME)";
				SWIFT_VERSION = 4.0;
				TARGETED_DEVICE_FAMILY = "1,2";
			};
			name = Release;
		};
		2CDCAB4220042CF1007EA0FC /* Debug */ = {
			isa = XCBuildConfiguration;
			buildSettings = {
				ALWAYS_EMBED_SWIFT_STANDARD_LIBRARIES = YES;
				BUNDLE_LOADER = "$(TEST_HOST)";
				CODE_SIGN_STYLE = Automatic;
				INFOPLIST_FILE = CurrencyTests/Info.plist;
				LD_RUNPATH_SEARCH_PATHS = "$(inherited) @executable_path/Frameworks @loader_path/Frameworks";
				PRODUCT_BUNDLE_IDENTIFIER = io.dsolorio.CurrencyTests;
				PRODUCT_NAME = "$(TARGET_NAME)";
				SWIFT_VERSION = 4.0;
				TARGETED_DEVICE_FAMILY = "1,2";
				TEST_HOST = "$(BUILT_PRODUCTS_DIR)/Currency.app/Currency";
			};
			name = Debug;
		};
		2CDCAB4320042CF1007EA0FC /* Release */ = {
			isa = XCBuildConfiguration;
			buildSettings = {
				ALWAYS_EMBED_SWIFT_STANDARD_LIBRARIES = YES;
				BUNDLE_LOADER = "$(TEST_HOST)";
				CODE_SIGN_STYLE = Automatic;
				INFOPLIST_FILE = CurrencyTests/Info.plist;
				LD_RUNPATH_SEARCH_PATHS = "$(inherited) @executable_path/Frameworks @loader_path/Frameworks";
				PRODUCT_BUNDLE_IDENTIFIER = io.dsolorio.CurrencyTests;
				PRODUCT_NAME = "$(TARGET_NAME)";
				SWIFT_VERSION = 4.0;
				TARGETED_DEVICE_FAMILY = "1,2";
				TEST_HOST = "$(BUILT_PRODUCTS_DIR)/Currency.app/Currency";
			};
			name = Release;
		};
/* End XCBuildConfiguration section */

/* Begin XCConfigurationList section */
		2CDCAB1C20042CF1007EA0FC /* Build configuration list for PBXProject "Currency" */ = {
			isa = XCConfigurationList;
			buildConfigurations = (
				2CDCAB3C20042CF1007EA0FC /* Debug */,
				2CDCAB3D20042CF1007EA0FC /* Release */,
			);
			defaultConfigurationIsVisible = 0;
			defaultConfigurationName = Release;
		};
		2CDCAB3E20042CF1007EA0FC /* Build configuration list for PBXNativeTarget "Currency" */ = {
			isa = XCConfigurationList;
			buildConfigurations = (
				2CDCAB3F20042CF1007EA0FC /* Debug */,
				2CDCAB4020042CF1007EA0FC /* Release */,
			);
			defaultConfigurationIsVisible = 0;
			defaultConfigurationName = Release;
		};
		2CDCAB4120042CF1007EA0FC /* Build configuration list for PBXNativeTarget "CurrencyTests" */ = {
			isa = XCConfigurationList;
			buildConfigurations = (
				2CDCAB4220042CF1007EA0FC /* Debug */,
				2CDCAB4320042CF1007EA0FC /* Release */,
			);
			defaultConfigurationIsVisible = 0;
			defaultConfigurationName = Release;
		};
/* End XCConfigurationList section */
	};
	rootObject = 2CDCAB1920042CF1007EA0FC /* Project object */;
}
